
Microsoft Visual Studio Solution File, Format Version 12.00
# Visual Studio Version 16
VisualStudioVersion = 16.0.30717.126
MinimumVisualStudioVersion = 10.0.40219.1
Project("{FAE04EC0-301F-11D3-BF4B-00C04F79EFBC}") = "WebAPItest", "WebAPItest.csproj", "{79751AB7-348A-4113-9F59-EFB613BB1D72}"
EndProject
Global
	GlobalSection(SolutionConfigurationPlatforms) = preSolution
		Debug|Any CPU = Debug|Any CPU
		Release|Any CPU = Release|Any CPU
	EndGlobalSection
	GlobalSection(ProjectConfigurationPlatforms) = postSolution
		{79751AB7-348A-4113-9F59-EFB613BB1D72}.Debug|Any CPU.ActiveCfg = Debug|Any CPU
		{79751AB7-348A-4113-9F59-EFB613BB1D72}.Debug|Any CPU.Build.0 = Debug|Any CPU
		{79751AB7-348A-4113-9F59-EFB613BB1D72}.Release|Any CPU.ActiveCfg = Release|Any CPU
		{79751AB7-348A-4113-9F59-EFB613BB1D72}.Release|Any CPU.Build.0 = Release|Any CPU
	EndGlobalSection
	GlobalSection(SolutionProperties) = preSolution
		HideSolutionNode = FALSE
	EndGlobalSection
	GlobalSection(ExtensibilityGlobals) = postSolution
		SolutionGuid = {6D1D5DBF-C3C5-4E03-81DB-B91E197717CB}
	EndGlobalSection
EndGlobal
